// !$*UTF8*$!
{
	archiveVersion = 1;
	classes = {
	};
	objectVersion = 50;
	objects = {

/* Begin PBXBuildFile section */
		030594ED22C2B471005D05F3 /* AppDelegate.swift in Sources */ = {isa = PBXBuildFile; fileRef = 030594EC22C2B471005D05F3 /* AppDelegate.swift */; };
		030594EF22C2B471005D05F3 /* SelectedPersonVC.swift in Sources */ = {isa = PBXBuildFile; fileRef = 030594EE22C2B471005D05F3 /* SelectedPersonVC.swift */; };
		030594F222C2B471005D05F3 /* Main.storyboard in Resources */ = {isa = PBXBuildFile; fileRef = 030594F022C2B471005D05F3 /* Main.storyboard */; };
		030594F422C2B473005D05F3 /* Assets.xcassets in Resources */ = {isa = PBXBuildFile; fileRef = 030594F322C2B473005D05F3 /* Assets.xcassets */; };
		030594F722C2B473005D05F3 /* LaunchScreen.storyboard in Resources */ = {isa = PBXBuildFile; fileRef = 030594F522C2B473005D05F3 /* LaunchScreen.storyboard */; };
		0305950122C2B946005D05F3 /* Starjedi.ttf in Resources */ = {isa = PBXBuildFile; fileRef = 030594FE22C2B945005D05F3 /* Starjedi.ttf */; };
		0305950222C2B946005D05F3 /* Starjout.ttf in Resources */ = {isa = PBXBuildFile; fileRef = 030594FF22C2B945005D05F3 /* Starjout.ttf */; };
		0305950322C2B946005D05F3 /* Starjhol.ttf in Resources */ = {isa = PBXBuildFile; fileRef = 0305950022C2B945005D05F3 /* Starjhol.ttf */; };
		03760F2622C3897200543B0F /* BlackBGView.swift in Sources */ = {isa = PBXBuildFile; fileRef = 03760F2522C3897200543B0F /* BlackBGView.swift */; };
		03760F2922C3A42100543B0F /* Constants.swift in Sources */ = {isa = PBXBuildFile; fileRef = 03760F2822C3A42100543B0F /* Constants.swift */; };
		037743C722C54728005BBAE1 /* PersonApi.swift in Sources */ = {isa = PBXBuildFile; fileRef = 037743C622C54728005BBAE1 /* PersonApi.swift */; };
		037743C922C7A360005BBAE1 /* Person.swift in Sources */ = {isa = PBXBuildFile; fileRef = 037743C822C7A360005BBAE1 /* Person.swift */; };
/* End PBXBuildFile section */

/* Begin PBXFileReference section */
		030594E922C2B471005D05F3 /* StarTrivia.app */ = {isa = PBXFileReference; explicitFileType = wrapper.application; includeInIndex = 0; path = StarTrivia.app; sourceTree = BUILT_PRODUCTS_DIR; };
		030594EC22C2B471005D05F3 /* AppDelegate.swift */ = {isa = PBXFileReference; lastKnownFileType = sourcecode.swift; path = AppDelegate.swift; sourceTree = "<group>"; };
		030594EE22C2B471005D05F3 /* SelectedPersonVC.swift */ = {isa = PBXFileReference; lastKnownFileType = sourcecode.swift; path = SelectedPersonVC.swift; sourceTree = "<group>"; };
		030594F122C2B471005D05F3 /* Base */ = {isa = PBXFileReference; lastKnownFileType = file.storyboard; name = Base; path = Base.lproj/Main.storyboard; sourceTree = "<group>"; };
		030594F322C2B473005D05F3 /* Assets.xcassets */ = {isa = PBXFileReference; lastKnownFileType = folder.assetcatalog; path = Assets.xcassets; sourceTree = "<group>"; };
		030594F622C2B473005D05F3 /* Base */ = {isa = PBXFileReference; lastKnownFileType = file.storyboard; name = Base; path = Base.lproj/LaunchScreen.storyboard; sourceTree = "<group>"; };
		030594F822C2B473005D05F3 /* Info.plist */ = {isa = PBXFileReference; lastKnownFileType = text.plist.xml; path = Info.plist; sourceTree = "<group>"; };
		030594FE22C2B945005D05F3 /* Starjedi.ttf */ = {isa = PBXFileReference; lastKnownFileType = file; path = Starjedi.ttf; sourceTree = "<group>"; };
		030594FF22C2B945005D05F3 /* Starjout.ttf */ = {isa = PBXFileReference; lastKnownFileType = file; path = Starjout.ttf; sourceTree = "<group>"; };
		0305950022C2B945005D05F3 /* Starjhol.ttf */ = {isa = PBXFileReference; lastKnownFileType = file; path = Starjhol.ttf; sourceTree = "<group>"; };
		03760F2522C3897200543B0F /* BlackBGView.swift */ = {isa = PBXFileReference; lastKnownFileType = sourcecode.swift; path = BlackBGView.swift; sourceTree = "<group>"; };
		03760F2822C3A42100543B0F /* Constants.swift */ = {isa = PBXFileReference; lastKnownFileType = sourcecode.swift; path = Constants.swift; sourceTree = "<group>"; };
		037743C622C54728005BBAE1 /* PersonApi.swift */ = {isa = PBXFileReference; lastKnownFileType = sourcecode.swift; path = PersonApi.swift; sourceTree = "<group>"; };
		037743C822C7A360005BBAE1 /* Person.swift */ = {isa = PBXFileReference; lastKnownFileType = sourcecode.swift; path = Person.swift; sourceTree = "<group>"; };
/* End PBXFileReference section */

/* Begin PBXFrameworksBuildPhase section */
		030594E622C2B471005D05F3 /* Frameworks */ = {
			isa = PBXFrameworksBuildPhase;
			buildActionMask = 2147483647;
			files = (
			);
			runOnlyForDeploymentPostprocessing = 0;
		};
/* End PBXFrameworksBuildPhase section */

/* Begin PBXGroup section */
		030594E022C2B471005D05F3 = {
			isa = PBXGroup;
			children = (
				030594EB22C2B471005D05F3 /* StarTrivia */,
				030594EA22C2B471005D05F3 /* Products */,
			);
			sourceTree = "<group>";
		};
		030594EA22C2B471005D05F3 /* Products */ = {
			isa = PBXGroup;
			children = (
				030594E922C2B471005D05F3 /* StarTrivia.app */,
			);
			name = Products;
			sourceTree = "<group>";
		};
		030594EB22C2B471005D05F3 /* StarTrivia */ = {
			isa = PBXGroup;
			children = (
				0305950622C2B977005D05F3 /* Model */,
				0305950722C2B982005D05F3 /* View */,
				0305950822C2B998005D05F3 /* Controller */,
				030594EC22C2B471005D05F3 /* AppDelegate.swift */,
				030594EE22C2B471005D05F3 /* SelectedPersonVC.swift */,
				0305950522C2B95F005D05F3 /* Resources */,
				037743C522C546E5005BBAE1 /* Services */,
				03760F2722C38CC100543B0F /* Utils */,
				030594F022C2B471005D05F3 /* Main.storyboard */,
				030594F322C2B473005D05F3 /* Assets.xcassets */,
				030594F522C2B473005D05F3 /* LaunchScreen.storyboard */,
				030594F822C2B473005D05F3 /* Info.plist */,
			);
			path = StarTrivia;
			sourceTree = "<group>";
		};
		0305950422C2B950005D05F3 /* Fonts */ = {
			isa = PBXGroup;
			children = (
				030594FE22C2B945005D05F3 /* Starjedi.ttf */,
				0305950022C2B945005D05F3 /* Starjhol.ttf */,
				030594FF22C2B945005D05F3 /* Starjout.ttf */,
			);
			path = Fonts;
			sourceTree = "<group>";
		};
		0305950522C2B95F005D05F3 /* Resources */ = {
			isa = PBXGroup;
			children = (
				0305950422C2B950005D05F3 /* Fonts */,
			);
			path = Resources;
			sourceTree = "<group>";
		};
		0305950622C2B977005D05F3 /* Model */ = {
			isa = PBXGroup;
			children = (
				037743C822C7A360005BBAE1 /* Person.swift */,
			);
			path = Model;
			sourceTree = "<group>";
		};
		0305950722C2B982005D05F3 /* View */ = {
			isa = PBXGroup;
			children = (
				03760F2522C3897200543B0F /* BlackBGView.swift */,
			);
			path = View;
			sourceTree = "<group>";
		};
		0305950822C2B998005D05F3 /* Controller */ = {
			isa = PBXGroup;
			children = (
			);
			path = Controller;
			sourceTree = "<group>";
		};
		03760F2722C38CC100543B0F /* Utils */ = {
			isa = PBXGroup;
			children = (
				03760F2822C3A42100543B0F /* Constants.swift */,
			);
			path = Utils;
			sourceTree = "<group>";
		};
		037743C522C546E5005BBAE1 /* Services */ = {
			isa = PBXGroup;
			children = (
				037743C622C54728005BBAE1 /* PersonApi.swift */,
			);
			path = Services;
			sourceTree = "<group>";
		};
/* End PBXGroup section */

/* Begin PBXNativeTarget section */
		030594E822C2B471005D05F3 /* StarTrivia */ = {
			isa = PBXNativeTarget;
			buildConfigurationList = 030594FB22C2B473005D05F3 /* Build configuration list for PBXNativeTarget "StarTrivia" */;
			buildPhases = (
				030594E522C2B471005D05F3 /* Sources */,
				030594E622C2B471005D05F3 /* Frameworks */,
				030594E722C2B471005D05F3 /* Resources */,
			);
			buildRules = (
			);
			dependencies = (
			);
			name = StarTrivia;
			productName = StarTrivia;
			productReference = 030594E922C2B471005D05F3 /* StarTrivia.app */;
			productType = "com.apple.product-type.application";
		};
/* End PBXNativeTarget section */

/* Begin PBXProject section */
		030594E122C2B471005D05F3 /* Project object */ = {
			isa = PBXProject;
			attributes = {
				LastSwiftUpdateCheck = 1010;
				LastUpgradeCheck = 1010;
				ORGANIZATIONNAME = maher.eisa;
				TargetAttributes = {
					030594E822C2B471005D05F3 = {
						CreatedOnToolsVersion = 10.1;
					};
				};
			};
			buildConfigurationList = 030594E422C2B471005D05F3 /* Build configuration list for PBXProject "StarTrivia" */;
			compatibilityVersion = "Xcode 9.3";
			developmentRegion = en;
			hasScannedForEncodings = 0;
			knownRegions = (
				en,
				Base,
			);
			mainGroup = 030594E022C2B471005D05F3;
			productRefGroup = 030594EA22C2B471005D05F3 /* Products */;
			projectDirPath = "";
			projectRoot = "";
			targets = (
				030594E822C2B471005D05F3 /* StarTrivia */,
			);
		};
/* End PBXProject section */

/* Begin PBXResourcesBuildPhase section */
		030594E722C2B471005D05F3 /* Resources */ = {
			isa = PBXResourcesBuildPhase;
			buildActionMask = 2147483647;
			files = (
				030594F722C2B473005D05F3 /* LaunchScreen.storyboard in Resources */,
				0305950322C2B946005D05F3 /* Starjhol.ttf in Resources */,
				030594F422C2B473005D05F3 /* Assets.xcassets in Resources */,
				0305950122C2B946005D05F3 /* Starjedi.ttf in Resources */,
				0305950222C2B946005D05F3 /* Starjout.ttf in Resources */,
				030594F222C2B471005D05F3 /* Main.storyboard in Resources */,
			);
			runOnlyForDeploymentPostprocessing = 0;
		};
/* End PBXResourcesBuildPhase section */

/* Begin PBXSourcesBuildPhase section */
		030594E522C2B471005D05F3 /* Sources */ = {
			isa = PBXSourcesBuildPhase;
			buildActionMask = 2147483647;
			files = (
				037743C922C7A360005BBAE1 /* Person.swift in Sources */,
				03760F2622C3897200543B0F /* BlackBGView.swift in Sources */,
				030594EF22C2B471005D05F3 /* SelectedPersonVC.swift in Sources */,
				030594ED22C2B471005D05F3 /* AppDelegate.swift in Sources */,
				037743C722C54728005BBAE1 /* PersonApi.swift in Sources */,
				03760F2922C3A42100543B0F /* Constants.swift in Sources */,
			);
			runOnlyForDeploymentPostprocessing = 0;
		};
/* End PBXSourcesBuildPhase section */

/* Begin PBXVariantGroup section */
		030594F022C2B471005D05F3 /* Main.storyboard */ = {
			isa = PBXVariantGroup;
			children = (
				030594F122C2B471005D05F3 /* Base */,
			);
			name = Main.storyboard;
			sourceTree = "<group>";
		};
		030594F522C2B473005D05F3 /* LaunchScreen.storyboard */ = {
			isa = PBXVariantGroup;
			children = (
				030594F622C2B473005D05F3 /* Base */,
			);
			name = LaunchScreen.storyboard;
			sourceTree = "<group>";
		};
/* End PBXVariantGroup section */

/* Begin XCBuildConfiguration section */
		030594F922C2B473005D05F3 /* Debug */ = {
			isa = XCBuildConfiguration;
			buildSettings = {
				ALWAYS_SEARCH_USER_PATHS = NO;
				CLANG_ANALYZER_NONNULL = YES;
				CLANG_ANALYZER_NUMBER_OBJECT_CONVERSION = YES_AGGRESSIVE;
				CLANG_CXX_LANGUAGE_STANDARD = "gnu++14";
				CLANG_CXX_LIBRARY = "libc++";
				CLANG_ENABLE_MODULES = YES;
				CLANG_ENABLE_OBJC_ARC = YES;
				CLANG_ENABLE_OBJC_WEAK = YES;
				CLANG_WARN_BLOCK_CAPTURE_AUTORELEASING = YES;
				CLANG_WARN_BOOL_CONVERSION = YES;
				CLANG_WARN_COMMA = YES;
				CLANG_WARN_CONSTANT_CONVERSION = YES;
				CLANG_WARN_DEPRECATED_OBJC_IMPLEMENTATIONS = YES;
				CLANG_WARN_DIRECT_OBJC_ISA_USAGE = YES_ERROR;
				CLANG_WARN_DOCUMENTATION_COMMENTS = YES;
				CLANG_WARN_EMPTY_BODY = YES;
				CLANG_WARN_ENUM_CONVERSION = YES;
				CLANG_WARN_INFINITE_RECURSION = YES;
				CLANG_WARN_INT_CONVERSION = YES;
				CLANG_WARN_NON_LITERAL_NULL_CONVERSION = YES;
				CLANG_WARN_OBJC_IMPLICIT_RETAIN_SELF = YES;
				CLANG_WARN_OBJC_LITERAL_CONVERSION = YES;
				CLANG_WARN_OBJC_ROOT_CLASS = YES_ERROR;
				CLANG_WARN_RANGE_LOOP_ANALYSIS = YES;
				CLANG_WARN_STRICT_PROTOTYPES = YES;
				CLANG_WARN_SUSPICIOUS_MOVE = YES;
				CLANG_WARN_UNGUARDED_AVAILABILITY = YES_AGGRESSIVE;
				CLANG_WARN_UNREACHABLE_CODE = YES;
				CLANG_WARN__DUPLICATE_METHOD_MATCH = YES;
				CODE_SIGN_IDENTITY = "iPhone Developer";
				COPY_PHASE_STRIP = NO;
				DEBUG_INFORMATION_FORMAT = dwarf;
				ENABLE_STRICT_OBJC_MSGSEND = YES;
				ENABLE_TESTABILITY = YES;
				GCC_C_LANGUAGE_STANDARD = gnu11;
				GCC_DYNAMIC_NO_PIC = NO;
				GCC_NO_COMMON_BLOCKS = YES;
				GCC_OPTIMIZATION_LEVEL = 0;
				GCC_PREPROCESSOR_DEFINITIONS = (
					"DEBUG=1",
					"$(inherited)",
				);
				GCC_WARN_64_TO_32_BIT_CONVERSION = YES;
				GCC_WARN_ABOUT_RETURN_TYPE = YES_ERROR;
				GCC_WARN_UNDECLARED_SELECTOR = YES;
				GCC_WARN_UNINITIALIZED_AUTOS = YES_AGGRESSIVE;
				GCC_WARN_UNUSED_FUNCTION = YES;
				GCC_WARN_UNUSED_VARIABLE = YES;
				IPHONEOS_DEPLOYMENT_TARGET = 12.1;
				MTL_ENABLE_DEBUG_INFO = INCLUDE_SOURCE;
				MTL_FAST_MATH = YES;
				ONLY_ACTIVE_ARCH = YES;
				SDKROOT = iphoneos;
				SWIFT_ACTIVE_COMPILATION_CONDITIONS = DEBUG;
				SWIFT_OPTIMIZATION_LEVEL = "-Onone";
			};
			name = Debug;
		};
		030594FA22C2B473005D05F3 /* Release */ = {
			isa = XCBuildConfiguration;
			buildSettings = {
				ALWAYS_SEARCH_USER_PATHS = NO;
				CLANG_ANALYZER_NONNULL = YES;
				CLANG_ANALYZER_NUMBER_OBJECT_CONVERSION = YES_AGGRESSIVE;
				CLANG_CXX_LANGUAGE_STANDARD = "gnu++14";
				CLANG_CXX_LIBRARY = "libc++";
				CLANG_ENABLE_MODULES = YES;
				CLANG_ENABLE_OBJC_ARC = YES;
				CLANG_ENABLE_OBJC_WEAK = YES;
				CLANG_WARN_BLOCK_CAPTURE_AUTORELEASING = YES;
				CLANG_WARN_BOOL_CONVERSION = YES;
				CLANG_WARN_COMMA = YES;
				CLANG_WARN_CONSTANT_CONVERSION = YES;
				CLANG_WARN_DEPRECATED_OBJC_IMPLEMENTATIONS = YES;
				CLANG_WARN_DIRECT_OBJC_ISA_USAGE = YES_ERROR;
				CLANG_WARN_DOCUMENTATION_COMMENTS = YES;
				CLANG_WARN_EMPTY_BODY = YES;
				CLANG_WARN_ENUM_CONVERSION = YES;
				CLANG_WARN_INFINITE_RECURSION = YES;
				CLANG_WARN_INT_CONVERSION = YES;
				CLANG_WARN_NON_LITERAL_NULL_CONVERSION = YES;
				CLANG_WARN_OBJC_IMPLICIT_RETAIN_SELF = YES;
				CLANG_WARN_OBJC_LITERAL_CONVERSION = YES;
				CLANG_WARN_OBJC_ROOT_CLASS = YES_ERROR;
				CLANG_WARN_RANGE_LOOP_ANALYSIS = YES;
				CLANG_WARN_STRICT_PROTOTYPES = YES;
				CLANG_WARN_SUSPICIOUS_MOVE = YES;
				CLANG_WARN_UNGUARDED_AVAILABILITY = YES_AGGRESSIVE;
				CLANG_WARN_UNREACHABLE_CODE = YES;
				CLANG_WARN__DUPLICATE_METHOD_MATCH = YES;
				CODE_SIGN_IDENTITY = "iPhone Developer";
				COPY_PHASE_STRIP = NO;
				DEBUG_INFORMATION_FORMAT = "dwarf-with-dsym";
				ENABLE_NS_ASSERTIONS = NO;
				ENABLE_STRICT_OBJC_MSGSEND = YES;
				GCC_C_LANGUAGE_STANDARD = gnu11;
				GCC_NO_COMMON_BLOCKS = YES;
				GCC_WARN_64_TO_32_BIT_CONVERSION = YES;
				GCC_WARN_ABOUT_RETURN_TYPE = YES_ERROR;
				GCC_WARN_UNDECLARED_SELECTOR = YES;
				GCC_WARN_UNINITIALIZED_AUTOS = YES_AGGRESSIVE;
				GCC_WARN_UNUSED_FUNCTION = YES;
				GCC_WARN_UNUSED_VARIABLE = YES;
				IPHONEOS_DEPLOYMENT_TARGET = 12.1;
				MTL_ENABLE_DEBUG_INFO = NO;
				MTL_FAST_MATH = YES;
				SDKROOT = iphoneos;
				SWIFT_COMPILATION_MODE = wholemodule;
				SWIFT_OPTIMIZATION_LEVEL = "-O";
				VALIDATE_PRODUCT = YES;
			};
			name = Release;
		};
		030594FC22C2B473005D05F3 /* Debug */ = {
			isa = XCBuildConfiguration;
			buildSettings = {
				ASSETCATALOG_COMPILER_APPICON_NAME = AppIcon;
				CODE_SIGN_STYLE = Automatic;
				INFOPLIST_FILE = StarTrivia/Info.plist;
				LD_RUNPATH_SEARCH_PATHS = (
					"$(inherited)",
					"@executable_path/Frameworks",
				);
				PRODUCT_BUNDLE_IDENTIFIER = numberone.StarTrivia;
				PRODUCT_NAME = "$(TARGET_NAME)";
				SWIFT_VERSION = 4.2;
				TARGETED_DEVICE_FAMILY = "1,2";
			};
			name = Debug;
		};
		030594FD22C2B473005D05F3 /* Release */ = {
			isa = XCBuildConfiguration;
			buildSettings = {
				ASSETCATALOG_COMPILER_APPICON_NAME = AppIcon;
				CODE_SIGN_STYLE = Automatic;
				INFOPLIST_FILE = StarTrivia/Info.plist;
				LD_RUNPATH_SEARCH_PATHS = (
					"$(inherited)",
					"@executable_path/Frameworks",
				);
				PRODUCT_BUNDLE_IDENTIFIER = numberone.StarTrivia;
				PRODUCT_NAME = "$(TARGET_NAME)";
				SWIFT_VERSION = 4.2;
				TARGETED_DEVICE_FAMILY = "1,2";
			};
			name = Release;
		};
/* End XCBuildConfiguration section */

/* Begin XCConfigurationList section */
		030594E422C2B471005D05F3 /* Build configuration list for PBXProject "StarTrivia" */ = {
			isa = XCConfigurationList;
			buildConfigurations = (
				030594F922C2B473005D05F3 /* Debug */,
				030594FA22C2B473005D05F3 /* Release */,
			);
			defaultConfigurationIsVisible = 0;
			defaultConfigurationName = Release;
		};
		030594FB22C2B473005D05F3 /* Build configuration list for PBXNativeTarget "StarTrivia" */ = {
			isa = XCConfigurationList;
			buildConfigurations = (
				030594FC22C2B473005D05F3 /* Debug */,
				030594FD22C2B473005D05F3 /* Release */,
			);
			defaultConfigurationIsVisible = 0;
			defaultConfigurationName = Release;
		};
/* End XCConfigurationList section */
	};
	rootObject = 030594E122C2B471005D05F3 /* Project object */;
}
